
Microsoft Visual Studio Solution File, Format Version 12.00
# Visual Studio Version 16
VisualStudioVersion = 16.0.31702.278
MinimumVisualStudioVersion = 10.0.40219.1
Project("{FAE04EC0-301F-11D3-BF4B-00C04F79EFBC}") = "LG.API", "API\LG.API.csproj", "{4E59EBDF-64BE-4B95-9AAE-FC06185ECB47}"
EndProject
Project("{FAE04EC0-301F-11D3-BF4B-00C04F79EFBC}") = "LG.DATA", "LG.DATA\LG.DATA.csproj", "{320A1ADB-A1D1-4099-872E-D4CE8D98FED0}"
EndProject
Project("{FAE04EC0-301F-11D3-BF4B-00C04F79EFBC}") = "LG.BUSINESS", "LG.BUSINESS\LG.BUSINESS.csproj", "{53E941AF-4C68-4D0D-B508-E1A704173416}"
EndProject
Project("{FAE04EC0-301F-11D3-BF4B-00C04F79EFBC}") = "LG.DOMAIN", "LG.DOMAIN\LG.DOMAIN.csproj", "{FF0510E9-49ED-4FF2-8A28-6DF81B46E63C}"
EndProject
Global
	GlobalSection(SolutionConfigurationPlatforms) = preSolution
		Debug|Any CPU = Debug|Any CPU
		Release|Any CPU = Release|Any CPU
	EndGlobalSection
	GlobalSection(ProjectConfigurationPlatforms) = postSolution
		{4E59EBDF-64BE-4B95-9AAE-FC06185ECB47}.Debug|Any CPU.ActiveCfg = Debug|Any CPU
		{4E59EBDF-64BE-4B95-9AAE-FC06185ECB47}.Debug|Any CPU.Build.0 = Debug|Any CPU
		{4E59EBDF-64BE-4B95-9AAE-FC06185ECB47}.Release|Any CPU.ActiveCfg = Release|Any CPU
		{4E59EBDF-64BE-4B95-9AAE-FC06185ECB47}.Release|Any CPU.Build.0 = Release|Any CPU
		{320A1ADB-A1D1-4099-872E-D4CE8D98FED0}.Debug|Any CPU.ActiveCfg = Debug|Any CPU
		{320A1ADB-A1D1-4099-872E-D4CE8D98FED0}.Debug|Any CPU.Build.0 = Debug|Any CPU
		{320A1ADB-A1D1-4099-872E-D4CE8D98FED0}.Release|Any CPU.ActiveCfg = Release|Any CPU
		{320A1ADB-A1D1-4099-872E-D4CE8D98FED0}.Release|Any CPU.Build.0 = Release|Any CPU
		{53E941AF-4C68-4D0D-B508-E1A704173416}.Debug|Any CPU.ActiveCfg = Debug|Any CPU
		{53E941AF-4C68-4D0D-B508-E1A704173416}.Debug|Any CPU.Build.0 = Debug|Any CPU
		{53E941AF-4C68-4D0D-B508-E1A704173416}.Release|Any CPU.ActiveCfg = Release|Any CPU
		{53E941AF-4C68-4D0D-B508-E1A704173416}.Release|Any CPU.Build.0 = Release|Any CPU
		{FF0510E9-49ED-4FF2-8A28-6DF81B46E63C}.Debug|Any CPU.ActiveCfg = Debug|Any CPU
		{FF0510E9-49ED-4FF2-8A28-6DF81B46E63C}.Debug|Any CPU.Build.0 = Debug|Any CPU
		{FF0510E9-49ED-4FF2-8A28-6DF81B46E63C}.Release|Any CPU.ActiveCfg = Release|Any CPU
		{FF0510E9-49ED-4FF2-8A28-6DF81B46E63C}.Release|Any CPU.Build.0 = Release|Any CPU
	EndGlobalSection
	GlobalSection(SolutionProperties) = preSolution
		HideSolutionNode = FALSE
	EndGlobalSection
	GlobalSection(ExtensibilityGlobals) = postSolution
		SolutionGuid = {DBAEDF36-8121-411D-A9D8-BBB0D8B79202}
	EndGlobalSection
EndGlobal
